
Microsoft Visual Studio Solution File, Format Version 12.00
# Visual Studio Version 16
VisualStudioVersion = 16.0.31321.278
MinimumVisualStudioVersion = 10.0.40219.1
Project("{FAE04EC0-301F-11D3-BF4B-00C04F79EFBC}") = "PremiumCalculator", "PremiumCalculator.csproj", "{C67C4C7E-FD89-4FE4-9D48-3F097E289667}"
EndProject
Project("{FAE04EC0-301F-11D3-BF4B-00C04F79EFBC}") = "Lib.PremiumCalculator", "..\Lib.PremiumCalculator\Lib.PremiumCalculator.csproj", "{EBEDC23C-4BCD-453E-B28E-DB842B2A54EB}"
EndProject
Project("{FAE04EC0-301F-11D3-BF4B-00C04F79EFBC}") = "Lib.PremiumCalculator.Tests", "..\Lib.PremiumCalculator.Tests\Lib.PremiumCalculator.Tests.csproj", "{9E720986-08CC-4ADE-A83D-7C27A12D211C}"
EndProject
Global
	GlobalSection(SolutionConfigurationPlatforms) = preSolution
		Debug|Any CPU = Debug|Any CPU
		Release|Any CPU = Release|Any CPU
	EndGlobalSection
	GlobalSection(ProjectConfigurationPlatforms) = postSolution
		{C67C4C7E-FD89-4FE4-9D48-3F097E289667}.Debug|Any CPU.ActiveCfg = Debug|Any CPU
		{C67C4C7E-FD89-4FE4-9D48-3F097E289667}.Debug|Any CPU.Build.0 = Debug|Any CPU
		{C67C4C7E-FD89-4FE4-9D48-3F097E289667}.Release|Any CPU.ActiveCfg = Release|Any CPU
		{C67C4C7E-FD89-4FE4-9D48-3F097E289667}.Release|Any CPU.Build.0 = Release|Any CPU
		{EBEDC23C-4BCD-453E-B28E-DB842B2A54EB}.Debug|Any CPU.ActiveCfg = Debug|Any CPU
		{EBEDC23C-4BCD-453E-B28E-DB842B2A54EB}.Debug|Any CPU.Build.0 = Debug|Any CPU
		{EBEDC23C-4BCD-453E-B28E-DB842B2A54EB}.Release|Any CPU.ActiveCfg = Release|Any CPU
		{EBEDC23C-4BCD-453E-B28E-DB842B2A54EB}.Release|Any CPU.Build.0 = Release|Any CPU
		{9E720986-08CC-4ADE-A83D-7C27A12D211C}.Debug|Any CPU.ActiveCfg = Debug|Any CPU
		{9E720986-08CC-4ADE-A83D-7C27A12D211C}.Debug|Any CPU.Build.0 = Debug|Any CPU
		{9E720986-08CC-4ADE-A83D-7C27A12D211C}.Release|Any CPU.ActiveCfg = Release|Any CPU
		{9E720986-08CC-4ADE-A83D-7C27A12D211C}.Release|Any CPU.Build.0 = Release|Any CPU
	EndGlobalSection
	GlobalSection(SolutionProperties) = preSolution
		HideSolutionNode = FALSE
	EndGlobalSection
	GlobalSection(ExtensibilityGlobals) = postSolution
		SolutionGuid = {43899FED-9D57-4071-BAB4-D75A2B7BFE2B}
	EndGlobalSection
EndGlobal
